
Microsoft Visual Studio Solution File, Format Version 12.00
# Visual Studio Version 16
VisualStudioVersion = 16.0.29319.158
MinimumVisualStudioVersion = 10.0.40219.1
Project("{9A19103F-16F7-4668-BE54-9A1E7A4F7556}") = "SchemaValidator", "SchemaValidator\SchemaValidator.csproj", "{25DE284D-60AD-44D3-B320-A244D781AC20}"
EndProject
Project("{9A19103F-16F7-4668-BE54-9A1E7A4F7556}") = "ExampleGenerator", "ExampleGenerator\ExampleGenerator.csproj", "{72641B12-ABEE-4D79-B626-6F001B945081}"
EndProject
Project("{9A19103F-16F7-4668-BE54-9A1E7A4F7556}") = "ColorCode", "ColorCode\ColorCode.csproj", "{37438935-D221-4FD8-A10E-4EC5356B0F94}"
EndProject
Global
	GlobalSection(SolutionConfigurationPlatforms) = preSolution
		Debug|Any CPU = Debug|Any CPU
		Release|Any CPU = Release|Any CPU
	EndGlobalSection
	GlobalSection(ProjectConfigurationPlatforms) = postSolution
		{25DE284D-60AD-44D3-B320-A244D781AC20}.Debug|Any CPU.ActiveCfg = Debug|Any CPU
		{25DE284D-60AD-44D3-B320-A244D781AC20}.Debug|Any CPU.Build.0 = Debug|Any CPU
		{25DE284D-60AD-44D3-B320-A244D781AC20}.Release|Any CPU.ActiveCfg = Release|Any CPU
		{25DE284D-60AD-44D3-B320-A244D781AC20}.Release|Any CPU.Build.0 = Release|Any CPU
		{72641B12-ABEE-4D79-B626-6F001B945081}.Debug|Any CPU.ActiveCfg = Debug|Any CPU
		{72641B12-ABEE-4D79-B626-6F001B945081}.Debug|Any CPU.Build.0 = Debug|Any CPU
		{72641B12-ABEE-4D79-B626-6F001B945081}.Release|Any CPU.ActiveCfg = Release|Any CPU
		{72641B12-ABEE-4D79-B626-6F001B945081}.Release|Any CPU.Build.0 = Release|Any CPU
		{37438935-D221-4FD8-A10E-4EC5356B0F94}.Debug|Any CPU.ActiveCfg = Debug|Any CPU
		{37438935-D221-4FD8-A10E-4EC5356B0F94}.Debug|Any CPU.Build.0 = Debug|Any CPU
		{37438935-D221-4FD8-A10E-4EC5356B0F94}.Release|Any CPU.ActiveCfg = Release|Any CPU
		{37438935-D221-4FD8-A10E-4EC5356B0F94}.Release|Any CPU.Build.0 = Release|Any CPU
	EndGlobalSection
	GlobalSection(SolutionProperties) = preSolution
		HideSolutionNode = FALSE
	EndGlobalSection
	GlobalSection(ExtensibilityGlobals) = postSolution
		SolutionGuid = {39BD604C-6548-4900-8EC6-C1B4F9753DC1}
	EndGlobalSection
EndGlobal
